<?xml version="1.0" encoding="utf-8"?>
<Project ToolsVersion="4.0" xmlns="http://schemas.microsoft.com/developer/msbuild/2003">
  <ItemGroup>
    <Filter Include="Source Files">
      <UniqueIdentifier>{4FC737F1-C7A5-4376-A066-2A32D752A2FF}</UniqueIdentifier>
      <Extensions>cpp;c;cc;cxx;c++;cppm;ixx;def;odl;idl;hpj;bat;asm;asmx</Extensions>
    </Filter>
    <Filter Include="Header Files">
      <UniqueIdentifier>{93995380-89BD-4b04-88EB-625FBE52EBFB}</UniqueIdentifier>
      <Extensions>h;hh;hpp;hxx;h++;hm;inl;inc;ipp;xsd</Extensions>
    </Filter>
    <Filter Include="Resource Files">
      <UniqueIdentifier>{67DA6AB6-F800-4c08-8B7A-83BB121AAD01}</UniqueIdentifier>
      <Extensions>rc;ico;cur;bmp;dlg;rc2;rct;bin;rgs;gif;jpg;jpeg;jpe;resx;tiff;tif;png;wav;mfcribbon-ms</Extensions>
    </Filter>
  </ItemGroup>
  <ItemGroup>
    <ClCompile Include="src\app.cpp">
      <Filter>Source Files</Filter>
    </ClCompile>
    <ClCompile Include="src\update_manager.cpp">
      <Filter>Source Files</Filter>
    </ClCompile>
    <ClCompile Include="src\sdl renderer\gl_renderer.cpp">
      <Filter>Source Files</Filter>
    </ClCompile>
    <ClCompile Include="include\dependencies\glad.c">
      <Filter>Source Files</Filter>
    </ClCompile>
    <ClCompile Include="src\input.cpp">
      <Filter>Source Files</Filter>
    </ClCompile>
    <ClCompile Include="src\vertex_buffer.cpp">
      <Filter>Source Files</Filter>
    </ClCompile>
    <ClCompile Include="src\core shader.cpp">
      <Filter>Source Files</Filter>
    </ClCompile>
    <ClCompile Include="src\timer.cpp">
      <Filter>Source Files</Filter>
    </ClCompile>
    <ClCompile Include="src\tag.cpp">
      <Filter>Source Files</Filter>
    </ClCompile>
    <ClCompile Include="src\components\component.cpp">
      <Filter>Source Files</Filter>
    </ClCompile>
    <ClCompile Include="src\material.cpp">
      <Filter>Source Files</Filter>
    </ClCompile>
    <ClCompile Include="src\scene.cpp">
      <Filter>Source Files</Filter>
    </ClCompile>
    <ClCompile Include="src\entity.cpp">
      <Filter>Source Files</Filter>
    </ClCompile>
    <ClCompile Include="src\components\pointlight_component.cpp">
      <Filter>Source Files</Filter>
    </ClCompile>
    <ClCompile Include="include\entity sys\components\directionallight_component.h">
      <Filter>Source Files</Filter>
    </ClCompile>
    <ClCompile Include="src\components\directionallight_component.cpp">
      <Filter>Source Files</Filter>
    </ClCompile>
    <ClCompile Include="src\systems\core_mesh.cpp">
      <Filter>Source Files</Filter>
    </ClCompile>
    <ClCompile Include="src\systems\core_model.cpp">
      <Filter>Source Files</Filter>
    </ClCompile>
    <ClCompile Include="include\entity sys\components\staticmesh_component.h">
      <Filter>Source Files</Filter>
    </ClCompile>
    <ClCompile Include="src\components\staticmesh_component.cpp">
      <Filter>Source Files</Filter>
    </ClCompile>
    <ClCompile Include="include\dependencies\sqlite3.c">
      <Filter>Source Files</Filter>
    </ClCompile>
    <ClCompile Include="src\layers\gui_layer.cpp">
      <Filter>Source Files</Filter>
    </ClCompile>
    <ClCompile Include="include\dependencies\imgui\imgui.cpp">
      <Filter>Source Files</Filter>
    </ClCompile>
    <ClCompile Include="include\dependencies\imgui\imgui_demo.cpp">
      <Filter>Source Files</Filter>
    </ClCompile>
    <ClCompile Include="include\dependencies\imgui\imgui_draw.cpp">
      <Filter>Source Files</Filter>
    </ClCompile>
    <ClCompile Include="include\dependencies\imgui\imgui_tables.cpp">
      <Filter>Source Files</Filter>
    </ClCompile>
    <ClCompile Include="include\dependencies\imgui\imgui_widgets.cpp">
      <Filter>Source Files</Filter>
    </ClCompile>
    <ClCompile Include="include\dependencies\imgui\backends\imgui_impl_glfw.cpp">
      <Filter>Source Files</Filter>
    </ClCompile>
    <ClCompile Include="include\dependencies\imgui\backends\imgui_impl_opengl3.cpp">
      <Filter>Source Files</Filter>
    </ClCompile>
    <ClCompile Include="src\layers\layerstack.cpp">
      <Filter>Source Files</Filter>
    </ClCompile>
    <ClCompile Include="include\layers\viewport_layer.h">
      <Filter>Source Files</Filter>
    </ClCompile>
    <ClCompile Include="src\layers\viewport_layer.cpp">
      <Filter>Source Files</Filter>
    </ClCompile>
    <ClCompile Include="src\layers\scene_ui_layer.cpp">
      <Filter>Source Files</Filter>
    </ClCompile>
    <ClCompile Include="src\layers\performance_ui_layer.cpp">
      <Filter>Source Files</Filter>
    </ClCompile>
    <ClCompile Include="src\layers\properties_ui_layer.cpp">
      <Filter>Source Files</Filter>
    </ClCompile>
    <ClCompile Include="include\dependencies\ImGuizmo\ImCurveEdit.cpp">
      <Filter>Source Files</Filter>
    </ClCompile>
    <ClCompile Include="include\dependencies\ImGuizmo\ImGradient.cpp">
      <Filter>Source Files</Filter>
    </ClCompile>
    <ClCompile Include="include\dependencies\ImGuizmo\ImGuizmo.cpp">
      <Filter>Source Files</Filter>
    </ClCompile>
    <ClCompile Include="include\dependencies\ImGuizmo\ImSequencer.cpp">
      <Filter>Source Files</Filter>
    </ClCompile>
    <ClCompile Include="src\systems\node.cpp">
      <Filter>Source Files</Filter>
    </ClCompile>
    <ClCompile Include="src\systems\billboard.cpp">
      <Filter>Source Files</Filter>
    </ClCompile>
    <ClCompile Include="src\layers\content_browser_layer.cpp">
      <Filter>Source Files</Filter>
    </ClCompile>
    <ClCompile Include="src\systems\asset_manager.cpp">
      <Filter>Source Files</Filter>
    </ClCompile>
    <ClCompile Include="include\other utils\strconvr.h">
      <Filter>Source Files</Filter>
    </ClCompile>
    <ClCompile Include="src\systems\core_renderable.cpp">
      <Filter>Source Files</Filter>
    </ClCompile>
    <ClCompile Include="include\system\mouse_picking.h">
      <Filter>Source Files</Filter>
    </ClCompile>
    <ClCompile Include="src\components\boxvolume_component.cpp">
      <Filter>Source Files</Filter>
    </ClCompile>
    <ClCompile Include="src\components\light_component.cpp">
      <Filter>Source Files</Filter>
    </ClCompile>
    <ClCompile Include="src\systems\billboard_manager.cpp">
      <Filter>Source Files</Filter>
    </ClCompile>
    <ClCompile Include="include\entity sys\components\spotlight_component.h">
      <Filter>Source Files</Filter>
    </ClCompile>
    <ClCompile Include="src\components\spotlight_component.cpp">
      <Filter>Source Files</Filter>
    </ClCompile>
    <ClCompile Include="src\components\camera_component.cpp">
      <Filter>Source Files</Filter>
    </ClCompile>
    <ClCompile Include="src\systems\camera_manager.cpp">
      <Filter>Source Files</Filter>
    </ClCompile>
    <ClCompile Include="src\systems\camera_3d.cpp">
      <Filter>Source Files</Filter>
    </ClCompile>
  </ItemGroup>
  <ItemGroup>
    <ClInclude Include="include\update_manager.h">
      <Filter>Header Files</Filter>
    </ClInclude>
    <ClInclude Include="include\gl renderer\gl_renderer.h">
      <Filter>Header Files</Filter>
    </ClInclude>
    <ClInclude Include="include\input.h">
      <Filter>Header Files</Filter>
    </ClInclude>
    <ClInclude Include="include\input_types.h">
      <Filter>Header Files</Filter>
    </ClInclude>
    <ClInclude Include="include\gl core\vertex_buffer.h">
      <Filter>Header Files</Filter>
    </ClInclude>
    <ClInclude Include="include\gl core\core shader.h">
      <Filter>Header Files</Filter>
    </ClInclude>
    <ClInclude Include="include\other utils\extra_utils.h">
      <Filter>Header Files</Filter>
    </ClInclude>
    <ClInclude Include="include\system\timer.h">
      <Filter>Header Files</Filter>
    </ClInclude>
    <ClInclude Include="include\gl core\core_camera.h">
      <Filter>Header Files</Filter>
    </ClInclude>
    <ClInclude Include="include\entity sys\entity.h">
      <Filter>Header Files</Filter>
    </ClInclude>
    <ClInclude Include="include\entity sys\component_types.h">
      <Filter>Header Files</Filter>
    </ClInclude>
    <ClInclude Include="include\entity sys\component.h">
      <Filter>Header Files</Filter>
    </ClInclude>
    <ClInclude Include="include\system\tag.h">
      <Filter>Header Files</Filter>
    </ClInclude>
    <ClInclude Include="include\system\material.h">
      <Filter>Header Files</Filter>
    </ClInclude>
    <ClInclude Include="include\scene.h">
      <Filter>Header Files</Filter>
    </ClInclude>
    <ClInclude Include="include\entity sys\components\all_components_list.h">
      <Filter>Header Files</Filter>
    </ClInclude>
    <ClInclude Include="include\system\material_types.h">
      <Filter>Header Files</Filter>
    </ClInclude>
    <ClInclude Include="include\entity sys\components\pointlight_component.h">
      <Filter>Header Files</Filter>
    </ClInclude>
    <ClInclude Include="include\system\core_mesh.h">
      <Filter>Header Files</Filter>
    </ClInclude>
    <ClInclude Include="include\system\core_model.h">
      <Filter>Header Files</Filter>
    </ClInclude>
    <ClInclude Include="include\system\asset_manager.h">
      <Filter>Header Files</Filter>
    </ClInclude>
    <ClInclude Include="include\system\assettypes.h">
      <Filter>Header Files</Filter>
    </ClInclude>
    <ClInclude Include="include\dependencies\sqlite3.h">
      <Filter>Header Files</Filter>
    </ClInclude>
    <ClInclude Include="include\system\asset_class.h">
      <Filter>Header Files</Filter>
    </ClInclude>
    <ClInclude Include="include\layers\gui_cntx.h">
      <Filter>Header Files</Filter>
    </ClInclude>
    <ClInclude Include="include\dependencies\imgui\backends\imgui_impl_opengl3_loader.h">
      <Filter>Header Files</Filter>
    </ClInclude>
    <ClInclude Include="include\dependencies\imgui\imconfig.h">
      <Filter>Header Files</Filter>
    </ClInclude>
    <ClInclude Include="include\dependencies\imgui\imgui.h">
      <Filter>Header Files</Filter>
    </ClInclude>
    <ClInclude Include="include\dependencies\imgui\imgui_internal.h">
      <Filter>Header Files</Filter>
    </ClInclude>
    <ClInclude Include="include\dependencies\imgui\imstb_rectpack.h">
      <Filter>Header Files</Filter>
    </ClInclude>
    <ClInclude Include="include\dependencies\imgui\imstb_textedit.h">
      <Filter>Header Files</Filter>
    </ClInclude>
    <ClInclude Include="include\dependencies\imgui\imstb_truetype.h">
      <Filter>Header Files</Filter>
    </ClInclude>
    <ClInclude Include="include\dependencies\imgui\backends\imgui_impl_glfw.h">
      <Filter>Header Files</Filter>
    </ClInclude>
    <ClInclude Include="include\dependencies\imgui\backends\imgui_impl_opengl3.h">
      <Filter>Header Files</Filter>
    </ClInclude>
    <ClInclude Include="include\viewport\viewport_gui.h">
      <Filter>Header Files</Filter>
    </ClInclude>
    <ClInclude Include="include\layers\layer.h">
      <Filter>Header Files</Filter>
    </ClInclude>
    <ClInclude Include="include\layers\layerstack.h">
      <Filter>Header Files</Filter>
    </ClInclude>
    <ClInclude Include="include\layers\scene_ui_layer.h">
      <Filter>Header Files</Filter>
    </ClInclude>
    <ClInclude Include="include\layers\performance_ui_layer.h">
      <Filter>Header Files</Filter>
    </ClInclude>
    <ClInclude Include="include\core_application.h">
      <Filter>Header Files</Filter>
    </ClInclude>
    <ClInclude Include="include\layers\properties_ui_layer.h">
      <Filter>Header Files</Filter>
    </ClInclude>
    <ClInclude Include="include\layers\layers_define.h">
      <Filter>Header Files</Filter>
    </ClInclude>
    <ClInclude Include="include\dependencies\ImGuizmo\ImCurveEdit.h">
      <Filter>Header Files</Filter>
    </ClInclude>
    <ClInclude Include="include\dependencies\ImGuizmo\ImGradient.h">
      <Filter>Header Files</Filter>
    </ClInclude>
    <ClInclude Include="include\dependencies\ImGuizmo\ImGuizmo.h">
      <Filter>Header Files</Filter>
    </ClInclude>
    <ClInclude Include="include\dependencies\ImGuizmo\ImSequencer.h">
      <Filter>Header Files</Filter>
    </ClInclude>
    <ClInclude Include="include\system\node.h">
      <Filter>Header Files</Filter>
    </ClInclude>
    <ClInclude Include="include\other utils\matrix_math.h">
      <Filter>Header Files</Filter>
    </ClInclude>
    <ClInclude Include="include\system\billboard.h">
      <Filter>Header Files</Filter>
    </ClInclude>
    <ClInclude Include="include\layers\content_browser_layer.h">
      <Filter>Header Files</Filter>
    </ClInclude>
    <ClInclude Include="include\other utils\IDGEN.h">
      <Filter>Header Files</Filter>
    </ClInclude>
    <ClInclude Include="include\other utils\ZER.h">
      <Filter>Header Files</Filter>
    </ClInclude>
    <ClInclude Include="include\system\assets.h">
      <Filter>Header Files</Filter>
    </ClInclude>
    <ClInclude Include="include\system\assets\mesh_asset.h">
      <Filter>Header Files</Filter>
    </ClInclude>
    <ClInclude Include="include\system\asset_importer.h">
      <Filter>Header Files</Filter>
    </ClInclude>
    <ClInclude Include="include\system\assets\texture_asset.h">
      <Filter>Header Files</Filter>
    </ClInclude>
    <ClInclude Include="include\system\filewatcher.h">
      <Filter>Header Files</Filter>
    </ClInclude>
    <ClInclude Include="include\system\assets\assettypes.h">
      <Filter>Header Files</Filter>
    </ClInclude>
    <ClInclude Include="include\dependencies\filetypes.h">
      <Filter>Header Files</Filter>
    </ClInclude>
    <ClInclude Include="include\system\core_renderable.h">
      <Filter>Header Files</Filter>
    </ClInclude>
    <ClInclude Include="include\system\bounding_volume.h">
      <Filter>Header Files</Filter>
    </ClInclude>
    <ClInclude Include="include\system\draw_ray.h">
      <Filter>Header Files</Filter>
    </ClInclude>
    <ClInclude Include="include\entity sys\components\boxvolume_component.h">
      <Filter>Header Files</Filter>
    </ClInclude>
    <ClInclude Include="include\layers\UI\popup_window.h">
      <Filter>Header Files</Filter>
    </ClInclude>
    <ClInclude Include="include\entity sys\components\light_component.h">
      <Filter>Header Files</Filter>
    </ClInclude>
    <ClInclude Include="include\system\billboard_manager.h">
      <Filter>Header Files</Filter>
    </ClInclude>
    <ClInclude Include="include\entity sys\components\camera_component.h">
      <Filter>Header Files</Filter>
    </ClInclude>
    <ClInclude Include="include\system\camera_manager.h">
      <Filter>Header Files</Filter>
    </ClInclude>
    <ClInclude Include="include\system\camera_3d.h">
      <Filter>Header Files</Filter>
    </ClInclude>
  </ItemGroup>
</Project>